
Microsoft Visual Studio Solution File, Format Version 12.00
# Visual Studio Version 16
VisualStudioVersion = 16.0.29728.190
MinimumVisualStudioVersion = 10.0.40219.1
Project("{9A19103F-16F7-4668-BE54-9A1E7A4F7556}") = "IdentityFrameworkSample", "IdentityFrameworkSample\IdentityFrameworkSample.csproj", "{BA03E768-6154-4A06-8A03-60DE34DCA7B0}"
EndProject
Global
	GlobalSection(SolutionConfigurationPlatforms) = preSolution
		Debug|Any CPU = Debug|Any CPU
		Release|Any CPU = Release|Any CPU
	EndGlobalSection
	GlobalSection(ProjectConfigurationPlatforms) = postSolution
		{BA03E768-6154-4A06-8A03-60DE34DCA7B0}.Debug|Any CPU.ActiveCfg = Debug|Any CPU
		{BA03E768-6154-4A06-8A03-60DE34DCA7B0}.Debug|Any CPU.Build.0 = Debug|Any CPU
		{BA03E768-6154-4A06-8A03-60DE34DCA7B0}.Release|Any CPU.ActiveCfg = Release|Any CPU
		{BA03E768-6154-4A06-8A03-60DE34DCA7B0}.Release|Any CPU.Build.0 = Release|Any CPU
	EndGlobalSection
	GlobalSection(SolutionProperties) = preSolution
		HideSolutionNode = FALSE
	EndGlobalSection
	GlobalSection(ExtensibilityGlobals) = postSolution
		SolutionGuid = {1EF52147-09C8-4F21-AB8F-D7F329EFF346}
	EndGlobalSection
EndGlobal
